{
  "version": 4,
  "terraform_version": "1.10.5",
  "serial": 31,
  "lineage": "1ff1db4f-2a86-cdcb-2aa2-c412d5d16b1b",
  "outputs": {},
  "resources": [
    {
      "mode": "managed",
      "type": "render_project",
      "name": "containerized_devops_workflow",
      "provider": "provider[\"registry.terraform.io/render-oss/render\"]",
      "instances": [
        {
          "schema_version": 0,
          "attributes": {
            "environments": {
              "development": {
                "id": "evm-d33svqodl3ps7395dkj0",
                "name": "development",
                "network_isolated": false,
                "protected_status": "unprotected"
              },
              "production": {
                "id": "evm-d33svqodl3ps7395dkjg",
                "name": "production",
                "network_isolated": false,
                "protected_status": "unprotected"
              }
            },
            "id": "prj-d33svqodl3ps7395dkig",
            "name": "containerized_devops_workflow"
          },
          "sensitive_attributes": []
        }
      ]
    },
    {
      "mode": "managed",
      "type": "render_web_service",
      "name": "containerized_devops_workflow",
      "provider": "provider[\"registry.terraform.io/render-oss/render\"]",
      "instances": [
        {
          "schema_version": 0,
          "attributes": {
            "active_custom_domains": null,
            "autoscaling": null,
            "custom_domains": null,
            "disk": null,
            "env_vars": null,
            "environment_id": "evm-d33svqodl3ps7395dkj0",
            "health_check_path": "",
            "id": "srv-d33svridbo4c73bg8ohg",
            "log_stream_override": null,
            "maintenance_mode": {
              "enabled": false,
              "uri": ""
            },
            "max_shutdown_delay_seconds": null,
            "name": "monapp",
            "notification_override": {
              "notifications_to_send": "default",
              "preview_notifications_enabled": "default"
            },
            "num_instances": null,
            "plan": "starter",
            "pre_deploy_command": null,
            "previews": {
              "generation": "off"
            },
            "pull_request_previews_enabled": false,
            "region": "frankfurt",
            "root_directory": "",
            "runtime_source": {
              "docker": null,
              "image": {
                "digest": null,
                "image_url": "ghcr.io/loise/containerized-devops-workflow/monapp",
                "registry_credential_id": null,
                "tag": "latest"
              },
              "native_runtime": null
            },
            "secret_files": null,
            "slug": "monapp-a45z",
            "start_command": null,
            "url": "https://monapp-a45z.onrender.com"
          },
          "sensitive_attributes": [],
          "dependencies": [
            "render_project.containerized_devops_workflow"
          ]
        }
      ]
    }
  ],
  "check_results": null
}
